
Microsoft Visual Studio Solution File, Format Version 12.00
# Visual Studio Version 17
VisualStudioVersion = 17.13.35825.156 d17.13
MinimumVisualStudioVersion = 10.0.40219.1
Project("{FAE04EC0-301F-11D3-BF4B-00C04F79EFBC}") = "WindowsForms2", "WindowsForms2.csproj", "{6418C186-E4FF-4568-A495-A2A4932CECE5}"
EndProject
Global
	GlobalSection(SolutionConfigurationPlatforms) = preSolution
		Debug|Any CPU = Debug|Any CPU
		Release|Any CPU = Release|Any CPU
	EndGlobalSection
	GlobalSection(ProjectConfigurationPlatforms) = postSolution
		{6418C186-E4FF-4568-A495-A2A4932CECE5}.Debug|Any CPU.ActiveCfg = Debug|Any CPU
		{6418C186-E4FF-4568-A495-A2A4932CECE5}.Debug|Any CPU.Build.0 = Debug|Any CPU
		{6418C186-E4FF-4568-A495-A2A4932CECE5}.Release|Any CPU.ActiveCfg = Release|Any CPU
		{6418C186-E4FF-4568-A495-A2A4932CECE5}.Release|Any CPU.Build.0 = Release|Any CPU
	EndGlobalSection
	GlobalSection(SolutionProperties) = preSolution
		HideSolutionNode = FALSE
	EndGlobalSection
	GlobalSection(ExtensibilityGlobals) = postSolution
		SolutionGuid = {90A5BF17-18DE-41FB-81FD-D3FACB75BCDC}
	EndGlobalSection
EndGlobal
